
Microsoft Visual Studio Solution File, Format Version 12.00
# Visual Studio Version 17
VisualStudioVersion = 17.4.33205.214
MinimumVisualStudioVersion = 10.0.40219.1
Project("{9A19103F-16F7-4668-BE54-9A1E7A4F7556}") = "stenles", "stenles\stenles.csproj", "{998AAFD8-C4E5-448A-8510-F450445928B8}"
EndProject
Project("{9A19103F-16F7-4668-BE54-9A1E7A4F7556}") = "Domain", "Domain\Domain.csproj", "{162E5AE8-D15A-40A7-ABA0-052EF812F714}"
EndProject
Project("{FAE04EC0-301F-11D3-BF4B-00C04F79EFBC}") = "Application", "Application\Application.csproj", "{2EFD26C0-BCFE-44EC-9152-5ED3794FF3BB}"
EndProject
Global
	GlobalSection(SolutionConfigurationPlatforms) = preSolution
		Debug|Any CPU = Debug|Any CPU
		Release|Any CPU = Release|Any CPU
	EndGlobalSection
	GlobalSection(ProjectConfigurationPlatforms) = postSolution
		{998AAFD8-C4E5-448A-8510-F450445928B8}.Debug|Any CPU.ActiveCfg = Debug|Any CPU
		{998AAFD8-C4E5-448A-8510-F450445928B8}.Debug|Any CPU.Build.0 = Debug|Any CPU
		{998AAFD8-C4E5-448A-8510-F450445928B8}.Release|Any CPU.ActiveCfg = Release|Any CPU
		{998AAFD8-C4E5-448A-8510-F450445928B8}.Release|Any CPU.Build.0 = Release|Any CPU
		{162E5AE8-D15A-40A7-ABA0-052EF812F714}.Debug|Any CPU.ActiveCfg = Debug|Any CPU
		{162E5AE8-D15A-40A7-ABA0-052EF812F714}.Debug|Any CPU.Build.0 = Debug|Any CPU
		{162E5AE8-D15A-40A7-ABA0-052EF812F714}.Release|Any CPU.ActiveCfg = Release|Any CPU
		{162E5AE8-D15A-40A7-ABA0-052EF812F714}.Release|Any CPU.Build.0 = Release|Any CPU
		{2EFD26C0-BCFE-44EC-9152-5ED3794FF3BB}.Debug|Any CPU.ActiveCfg = Debug|Any CPU
		{2EFD26C0-BCFE-44EC-9152-5ED3794FF3BB}.Debug|Any CPU.Build.0 = Debug|Any CPU
		{2EFD26C0-BCFE-44EC-9152-5ED3794FF3BB}.Release|Any CPU.ActiveCfg = Release|Any CPU
		{2EFD26C0-BCFE-44EC-9152-5ED3794FF3BB}.Release|Any CPU.Build.0 = Release|Any CPU
	EndGlobalSection
	GlobalSection(SolutionProperties) = preSolution
		HideSolutionNode = FALSE
	EndGlobalSection
	GlobalSection(ExtensibilityGlobals) = postSolution
		SolutionGuid = {2C579CB6-3906-40DC-9B93-3D78E90A41C1}
	EndGlobalSection
EndGlobal
